{
  "name": "nodejs-csv-to-json",
  "version": "1.0.0",
  "lockfileVersion": 1,
  "requires": true,
  "dependencies": {
    "csvjson": {
      "version": "5.1.0",
      "resolved": "https://registry.npmjs.org/csvjson/-/csvjson-5.1.0.tgz",
      "integrity": "sha512-OqALQHA0k2rEGluOWikwFq5qtkRUDyoWP2u0UJy8uFjFx5FPMjPzx7D2Hn2KjBLpc8jkGrT9HDNgTUfopDlqVg=="
    }
  }
}
